
Microsoft Visual Studio Solution File, Format Version 12.00
# Visual Studio Version 16
VisualStudioVersion = 16.0.31424.327
MinimumVisualStudioVersion = 10.0.40219.1
Project("{FAE04EC0-301F-11D3-BF4B-00C04F79EFBC}") = "cs test", "cs test\cs test.csproj", "{375F9280-36B2-4318-B2D6-B6987E161882}"
EndProject
Global
	GlobalSection(SolutionConfigurationPlatforms) = preSolution
		Debug|Any CPU = Debug|Any CPU
		Release|Any CPU = Release|Any CPU
	EndGlobalSection
	GlobalSection(ProjectConfigurationPlatforms) = postSolution
		{375F9280-36B2-4318-B2D6-B6987E161882}.Debug|Any CPU.ActiveCfg = Debug|Any CPU
		{375F9280-36B2-4318-B2D6-B6987E161882}.Debug|Any CPU.Build.0 = Debug|Any CPU
		{375F9280-36B2-4318-B2D6-B6987E161882}.Release|Any CPU.ActiveCfg = Release|Any CPU
		{375F9280-36B2-4318-B2D6-B6987E161882}.Release|Any CPU.Build.0 = Release|Any CPU
	EndGlobalSection
	GlobalSection(SolutionProperties) = preSolution
		HideSolutionNode = FALSE
	EndGlobalSection
	GlobalSection(ExtensibilityGlobals) = postSolution
		SolutionGuid = {F5D7EBF9-44CE-4A3B-959B-91E6A502A4BA}
	EndGlobalSection
EndGlobal
